
Microsoft Visual Studio Solution File, Format Version 12.00
# Visual Studio 14
VisualStudioVersion = 14.0.25420.1
MinimumVisualStudioVersion = 10.0.40219.1
Project("{2150E333-8FDC-42A3-9474-1A3956D46DE8}") = "src", "src", "{EC8D65F2-013B-42E7-8DDA-DD63CCD7F6FF}"
EndProject
Project("{2150E333-8FDC-42A3-9474-1A3956D46DE8}") = "Solution Items", "Solution Items", "{FCBC360D-0DC8-4128-A5D8-112AC5B79CEA}"
	ProjectSection(SolutionItems) = preProject
		global.json = global.json
	EndProjectSection
EndProject
Project("{8BB2217D-0F2D-49D1-97BC-3654ED321F3B}") = "PhoneNumberFormatter", "src\PhoneNumberFormatter\PhoneNumberFormatter.xproj", "{94EE2F24-6EE3-4051-81B4-84C292C33ECB}"
EndProject
Project("{2150E333-8FDC-42A3-9474-1A3956D46DE8}") = "test", "test", "{7712B84F-8042-4E7F-934B-EE13CF4F1232}"
EndProject
Project("{8BB2217D-0F2D-49D1-97BC-3654ED321F3B}") = "UnitTests", "UnitTests\UnitTests.xproj", "{F4F88F18-6A5A-4102-B291-AA8897A9B35C}"
EndProject
Global
	GlobalSection(SolutionConfigurationPlatforms) = preSolution
		Debug|Any CPU = Debug|Any CPU
		Release|Any CPU = Release|Any CPU
	EndGlobalSection
	GlobalSection(ProjectConfigurationPlatforms) = postSolution
		{94EE2F24-6EE3-4051-81B4-84C292C33ECB}.Debug|Any CPU.ActiveCfg = Debug|Any CPU
		{94EE2F24-6EE3-4051-81B4-84C292C33ECB}.Debug|Any CPU.Build.0 = Debug|Any CPU
		{94EE2F24-6EE3-4051-81B4-84C292C33ECB}.Release|Any CPU.ActiveCfg = Release|Any CPU
		{94EE2F24-6EE3-4051-81B4-84C292C33ECB}.Release|Any CPU.Build.0 = Release|Any CPU
		{F4F88F18-6A5A-4102-B291-AA8897A9B35C}.Debug|Any CPU.ActiveCfg = Debug|Any CPU
		{F4F88F18-6A5A-4102-B291-AA8897A9B35C}.Debug|Any CPU.Build.0 = Debug|Any CPU
		{F4F88F18-6A5A-4102-B291-AA8897A9B35C}.Release|Any CPU.ActiveCfg = Release|Any CPU
		{F4F88F18-6A5A-4102-B291-AA8897A9B35C}.Release|Any CPU.Build.0 = Release|Any CPU
	EndGlobalSection
	GlobalSection(SolutionProperties) = preSolution
		HideSolutionNode = FALSE
	EndGlobalSection
	GlobalSection(NestedProjects) = preSolution
		{94EE2F24-6EE3-4051-81B4-84C292C33ECB} = {EC8D65F2-013B-42E7-8DDA-DD63CCD7F6FF}
		{F4F88F18-6A5A-4102-B291-AA8897A9B35C} = {7712B84F-8042-4E7F-934B-EE13CF4F1232}
	EndGlobalSection
EndGlobal
